
Microsoft Visual Studio Solution File, Format Version 11.00
# Visual C# Express 2010
Project("{FAE04EC0-301F-11D3-BF4B-00C04F79EFBC}") = "EBANew", "WindowsFormsApplication2\EBANew.csproj", "{D79FC0E7-1FC7-4A42-A816-97B2DC8A69AA}"
EndProject
Global
	GlobalSection(SolutionConfigurationPlatforms) = preSolution
		Debug|Any CPU = Debug|Any CPU
		Release|Any CPU = Release|Any CPU
	EndGlobalSection
	GlobalSection(ProjectConfigurationPlatforms) = postSolution
		{D79FC0E7-1FC7-4A42-A816-97B2DC8A69AA}.Debug|Any CPU.ActiveCfg = Debug|Any CPU
		{D79FC0E7-1FC7-4A42-A816-97B2DC8A69AA}.Debug|Any CPU.Build.0 = Debug|Any CPU
		{D79FC0E7-1FC7-4A42-A816-97B2DC8A69AA}.Release|Any CPU.ActiveCfg = Release|Any CPU
		{D79FC0E7-1FC7-4A42-A816-97B2DC8A69AA}.Release|Any CPU.Build.0 = Release|Any CPU
	EndGlobalSection
	GlobalSection(SolutionProperties) = preSolution
		HideSolutionNode = FALSE
	EndGlobalSection
EndGlobal
